
Microsoft Visual Studio Solution File, Format Version 12.00
# Visual Studio Version 17
VisualStudioVersion = 17.14.36109.1 d17.14
MinimumVisualStudioVersion = 10.0.40219.1
Project("{FAE04EC0-301F-11D3-BF4B-00C04F79EFBC}") = "ClipboardHistoryManager", "ClipboardHistoryManager.csproj", "{6707FCB2-0140-7DEC-D754-8257D23BBEE2}"
EndProject
Project("{FAE04EC0-301F-11D3-BF4B-00C04F79EFBC}") = "Tests", "Tests\Tests.csproj", "{FAF9452B-632D-4D3C-816F-53DA52258F14}"
EndProject
Global
	GlobalSection(SolutionConfigurationPlatforms) = preSolution
		Debug|Any CPU = Debug|Any CPU
		Release|Any CPU = Release|Any CPU
	EndGlobalSection
	GlobalSection(ProjectConfigurationPlatforms) = postSolution
		{6707FCB2-0140-7DEC-D754-8257D23BBEE2}.Debug|Any CPU.ActiveCfg = Debug|Any CPU
		{6707FCB2-0140-7DEC-D754-8257D23BBEE2}.Debug|Any CPU.Build.0 = Debug|Any CPU
		{6707FCB2-0140-7DEC-D754-8257D23BBEE2}.Release|Any CPU.ActiveCfg = Release|Any CPU
		{6707FCB2-0140-7DEC-D754-8257D23BBEE2}.Release|Any CPU.Build.0 = Release|Any CPU
		{FAF9452B-632D-4D3C-816F-53DA52258F14}.Debug|Any CPU.ActiveCfg = Debug|Any CPU
		{FAF9452B-632D-4D3C-816F-53DA52258F14}.Debug|Any CPU.Build.0 = Debug|Any CPU
		{FAF9452B-632D-4D3C-816F-53DA52258F14}.Release|Any CPU.ActiveCfg = Release|Any CPU
		{FAF9452B-632D-4D3C-816F-53DA52258F14}.Release|Any CPU.Build.0 = Release|Any CPU
	EndGlobalSection
	GlobalSection(SolutionProperties) = preSolution
		HideSolutionNode = FALSE
	EndGlobalSection
	GlobalSection(ExtensibilityGlobals) = postSolution
		SolutionGuid = {E3CAC179-F89C-49B1-AEA5-77C5D16DB046}
	EndGlobalSection
EndGlobal
